{
	"name": "css_flex_code",
	"version": "0.0.1",
	"lockfileVersion": 2,
	"requires": true,
	"packages": {
		"": {
			"name": "css_flex_code",
			"version": "0.0.1",
			"devDependencies": {
				"@types/node": "^16.18.34",
				"@types/vscode": "^1.73.0",
				"typescript": "^5.2.2"
			},
			"engines": {
				"vscode": "^1.75.0"
			}
		},
		"node_modules/@types/node": {
			"version": "16.18.34",
			"resolved": "https://registry.npmjs.org/@types/node/-/node-16.18.34.tgz",
			"integrity": "sha512-VmVm7gXwhkUimRfBwVI1CHhwp86jDWR04B5FGebMMyxV90SlCmFujwUHrxTD4oO+SOYU86SoxvhgeRQJY7iXFg==",
			"dev": true
		},
		"node_modules/@types/vscode": {
			"version": "1.73.1",
			"resolved": "https://registry.npmjs.org/@types/vscode/-/vscode-1.73.1.tgz",
			"integrity": "sha512-eArfOrAoZVV+Ao9zQOCaFNaeXj4kTCD+bGS2gyNgIFZH9xVMuLMlRrEkhb22NyxycFWKV1UyTh03vhaVHmqVMg==",
			"dev": true
		},
		"node_modules/typescript": {
			"version": "5.2.2",
			"resolved": "https://registry.npmjs.org/typescript/-/typescript-5.2.2.tgz",
			"integrity": "sha512-mI4WrpHsbCIcwT9cF4FZvr80QUeKvsUsUvKDoR+X/7XHQH98xYD8YHZg7ANtz2GtZt/CBq2QJ0thkGJMHfqc1w==",
			"dev": true,
			"bin": {
				"tsc": "bin/tsc",
				"tsserver": "bin/tsserver"
			},
			"engines": {
				"node": ">=14.17"
			}
		}
	},
	"dependencies": {
		"@types/node": {
			"version": "16.18.34",
			"resolved": "https://registry.npmjs.org/@types/node/-/node-16.18.34.tgz",
			"integrity": "sha512-VmVm7gXwhkUimRfBwVI1CHhwp86jDWR04B5FGebMMyxV90SlCmFujwUHrxTD4oO+SOYU86SoxvhgeRQJY7iXFg==",
			"dev": true
		},
		"@types/vscode": {
			"version": "1.73.1",
			"resolved": "https://registry.npmjs.org/@types/vscode/-/vscode-1.73.1.tgz",
			"integrity": "sha512-eArfOrAoZVV+Ao9zQOCaFNaeXj4kTCD+bGS2gyNgIFZH9xVMuLMlRrEkhb22NyxycFWKV1UyTh03vhaVHmqVMg==",
			"dev": true
		},
		"typescript": {
			"version": "5.2.2",
			"resolved": "https://registry.npmjs.org/typescript/-/typescript-5.2.2.tgz",
			"integrity": "sha512-mI4WrpHsbCIcwT9cF4FZvr80QUeKvsUsUvKDoR+X/7XHQH98xYD8YHZg7ANtz2GtZt/CBq2QJ0thkGJMHfqc1w==",
			"dev": true
		}
	}
}
